
Microsoft Visual Studio Solution File, Format Version 12.00
# Visual Studio Version 16
VisualStudioVersion = 16.0.32106.194
MinimumVisualStudioVersion = 10.0.40219.1
Project("{FAE04EC0-301F-11D3-BF4B-00C04F79EFBC}") = "CalculatorNotCom", "CalculatorNotCom.csproj", "{5490ACD1-2F86-4B6B-9845-D745C9328139}"
EndProject
Global
	GlobalSection(SolutionConfigurationPlatforms) = preSolution
		Debug|Any CPU = Debug|Any CPU
		Release|Any CPU = Release|Any CPU
	EndGlobalSection
	GlobalSection(ProjectConfigurationPlatforms) = postSolution
		{5490ACD1-2F86-4B6B-9845-D745C9328139}.Debug|Any CPU.ActiveCfg = Debug|Any CPU
		{5490ACD1-2F86-4B6B-9845-D745C9328139}.Debug|Any CPU.Build.0 = Debug|Any CPU
		{5490ACD1-2F86-4B6B-9845-D745C9328139}.Release|Any CPU.ActiveCfg = Release|Any CPU
		{5490ACD1-2F86-4B6B-9845-D745C9328139}.Release|Any CPU.Build.0 = Release|Any CPU
	EndGlobalSection
	GlobalSection(SolutionProperties) = preSolution
		HideSolutionNode = FALSE
	EndGlobalSection
	GlobalSection(ExtensibilityGlobals) = postSolution
		SolutionGuid = {6B62F4C3-859F-43A8-BAD0-70ADC45C2F2E}
	EndGlobalSection
EndGlobal
